
Microsoft Visual Studio Solution File, Format Version 12.00
# Visual Studio Version 16
VisualStudioVersion = 16.0.29411.108
MinimumVisualStudioVersion = 10.0.40219.1
Project("{FAE04EC0-301F-11D3-BF4B-00C04F79EFBC}") = "PokemonDesktop", "Pokedex2020ProgIIIv2\PokemonDesktop.csproj", "{61E5358C-4F78-4402-8E93-E95C307D2F45}"
EndProject
Project("{FAE04EC0-301F-11D3-BF4B-00C04F79EFBC}") = "Negocio", "Negocio\Negocio.csproj", "{5C03B21C-3BD7-4891-823A-9C84DF8AF9A0}"
EndProject
Project("{FAE04EC0-301F-11D3-BF4B-00C04F79EFBC}") = "Dominio", "Dominio\Dominio.csproj", "{770A42E0-DE47-4F56-A517-E493B2DA2086}"
EndProject
Project("{FAE04EC0-301F-11D3-BF4B-00C04F79EFBC}") = "PokemonWeb", "PokemonWeb\PokemonWeb.csproj", "{ED1DCD6F-0E3D-42FD-8BF1-0D5CE173E1FC}"
EndProject
Global
	GlobalSection(SolutionConfigurationPlatforms) = preSolution
		Debug|Any CPU = Debug|Any CPU
		Release|Any CPU = Release|Any CPU
	EndGlobalSection
	GlobalSection(ProjectConfigurationPlatforms) = postSolution
		{61E5358C-4F78-4402-8E93-E95C307D2F45}.Debug|Any CPU.ActiveCfg = Debug|Any CPU
		{61E5358C-4F78-4402-8E93-E95C307D2F45}.Debug|Any CPU.Build.0 = Debug|Any CPU
		{61E5358C-4F78-4402-8E93-E95C307D2F45}.Release|Any CPU.ActiveCfg = Release|Any CPU
		{61E5358C-4F78-4402-8E93-E95C307D2F45}.Release|Any CPU.Build.0 = Release|Any CPU
		{5C03B21C-3BD7-4891-823A-9C84DF8AF9A0}.Debug|Any CPU.ActiveCfg = Debug|Any CPU
		{5C03B21C-3BD7-4891-823A-9C84DF8AF9A0}.Debug|Any CPU.Build.0 = Debug|Any CPU
		{5C03B21C-3BD7-4891-823A-9C84DF8AF9A0}.Release|Any CPU.ActiveCfg = Release|Any CPU
		{5C03B21C-3BD7-4891-823A-9C84DF8AF9A0}.Release|Any CPU.Build.0 = Release|Any CPU
		{770A42E0-DE47-4F56-A517-E493B2DA2086}.Debug|Any CPU.ActiveCfg = Debug|Any CPU
		{770A42E0-DE47-4F56-A517-E493B2DA2086}.Debug|Any CPU.Build.0 = Debug|Any CPU
		{770A42E0-DE47-4F56-A517-E493B2DA2086}.Release|Any CPU.ActiveCfg = Release|Any CPU
		{770A42E0-DE47-4F56-A517-E493B2DA2086}.Release|Any CPU.Build.0 = Release|Any CPU
		{ED1DCD6F-0E3D-42FD-8BF1-0D5CE173E1FC}.Debug|Any CPU.ActiveCfg = Debug|Any CPU
		{ED1DCD6F-0E3D-42FD-8BF1-0D5CE173E1FC}.Debug|Any CPU.Build.0 = Debug|Any CPU
		{ED1DCD6F-0E3D-42FD-8BF1-0D5CE173E1FC}.Release|Any CPU.ActiveCfg = Release|Any CPU
		{ED1DCD6F-0E3D-42FD-8BF1-0D5CE173E1FC}.Release|Any CPU.Build.0 = Release|Any CPU
	EndGlobalSection
	GlobalSection(SolutionProperties) = preSolution
		HideSolutionNode = FALSE
	EndGlobalSection
	GlobalSection(ExtensibilityGlobals) = postSolution
		SolutionGuid = {64DA078D-3234-4A46-A0DE-83DB7DD62000}
	EndGlobalSection
EndGlobal
